
Microsoft Visual Studio Solution File, Format Version 12.00
# Visual Studio Version 16
VisualStudioVersion = 16.0.32929.386
MinimumVisualStudioVersion = 10.0.40219.1
Project("{FAE04EC0-301F-11D3-BF4B-00C04F79EFBC}") = "KulaevaInspectorLib", "KulaevaInspectorLib\KulaevaInspectorLib.csproj", "{4B326D09-5496-4134-94EB-F4402DA1B399}"
EndProject
Project("{9A19103F-16F7-4668-BE54-9A1E7A4F7556}") = "InspectorLib", "InspectorLib\InspectorLib\InspectorLib.csproj", "{C59564E2-846B-4B44-92D6-B7AD5789D887}"
EndProject
Global
	GlobalSection(SolutionConfigurationPlatforms) = preSolution
		Debug|Any CPU = Debug|Any CPU
		Release|Any CPU = Release|Any CPU
	EndGlobalSection
	GlobalSection(ProjectConfigurationPlatforms) = postSolution
		{4B326D09-5496-4134-94EB-F4402DA1B399}.Debug|Any CPU.ActiveCfg = Debug|Any CPU
		{4B326D09-5496-4134-94EB-F4402DA1B399}.Debug|Any CPU.Build.0 = Debug|Any CPU
		{4B326D09-5496-4134-94EB-F4402DA1B399}.Release|Any CPU.ActiveCfg = Release|Any CPU
		{4B326D09-5496-4134-94EB-F4402DA1B399}.Release|Any CPU.Build.0 = Release|Any CPU
		{C59564E2-846B-4B44-92D6-B7AD5789D887}.Debug|Any CPU.ActiveCfg = Debug|Any CPU
		{C59564E2-846B-4B44-92D6-B7AD5789D887}.Debug|Any CPU.Build.0 = Debug|Any CPU
		{C59564E2-846B-4B44-92D6-B7AD5789D887}.Release|Any CPU.ActiveCfg = Release|Any CPU
		{C59564E2-846B-4B44-92D6-B7AD5789D887}.Release|Any CPU.Build.0 = Release|Any CPU
	EndGlobalSection
	GlobalSection(SolutionProperties) = preSolution
		HideSolutionNode = FALSE
	EndGlobalSection
	GlobalSection(ExtensibilityGlobals) = postSolution
		SolutionGuid = {4A31D174-E615-4702-98A4-55C5B4D430A0}
	EndGlobalSection
EndGlobal
